// !$*UTF8*$!
{
	archiveVersion = 1;
	classes = {
	};
	objectVersion = 52;
	objects = {

/* Begin PBXBuildFile section */
		5E08FAA9252A7E2C00DC586A /* TopBottomView.swift in Sources */ = {isa = PBXBuildFile; fileRef = 5E08FAA8252A7E2C00DC586A /* TopBottomView.swift */; };
		5E08FAB0252A9C2700DC586A /* Company.swift in Sources */ = {isa = PBXBuildFile; fileRef = 5E08FAAF252A9C2700DC586A /* Company.swift */; };
		5E08FAB3252AAB9000DC586A /* TopBottomResultsView.swift in Sources */ = {isa = PBXBuildFile; fileRef = 5E08FAB2252AAB9000DC586A /* TopBottomResultsView.swift */; };
		5E0BF88F256C824E00A5E2C9 /* CustomCompanies.xcdatamodeld in Sources */ = {isa = PBXBuildFile; fileRef = 5E0BF88D256C824E00A5E2C9 /* CustomCompanies.xcdatamodeld */; };
		5E0BF892256C867300A5E2C9 /* DataController.swift in Sources */ = {isa = PBXBuildFile; fileRef = 5E0BF891256C867300A5E2C9 /* DataController.swift */; };
		5E0BF896256C871500A5E2C9 /* AddView.swift in Sources */ = {isa = PBXBuildFile; fileRef = 5E0BF895256C871500A5E2C9 /* AddView.swift */; };
		5E0BF89D256CAEB300A5E2C9 /* CustomCompanyList.swift in Sources */ = {isa = PBXBuildFile; fileRef = 5E0BF89C256CAEB300A5E2C9 /* CustomCompanyList.swift */; };
		5E1561032533BB3F009A0158 /* Arrows.swift in Sources */ = {isa = PBXBuildFile; fileRef = 5E1561022533BB3F009A0158 /* Arrows.swift */; };
		5E161A9425964A3B0006DD13 /* DataPoint.swift in Sources */ = {isa = PBXBuildFile; fileRef = 5E161A9325964A3B0006DD13 /* DataPoint.swift */; };
		5E161A9725964A990006DD13 /* BarChart.swift in Sources */ = {isa = PBXBuildFile; fileRef = 5E161A9625964A990006DD13 /* BarChart.swift */; };
		5E25B5AE25190E3D00138E61 /* AI_Stock_ForecastsApp.swift in Sources */ = {isa = PBXBuildFile; fileRef = 5E25B5AD25190E3D00138E61 /* AI_Stock_ForecastsApp.swift */; };
		5E25B5B225190E3F00138E61 /* Assets.xcassets in Resources */ = {isa = PBXBuildFile; fileRef = 5E25B5B125190E3F00138E61 /* Assets.xcassets */; };
		5E25B5B525190E3F00138E61 /* Preview Assets.xcassets in Resources */ = {isa = PBXBuildFile; fileRef = 5E25B5B425190E3F00138E61 /* Preview Assets.xcassets */; };
		5E25B5BF25190FC000138E61 /* Secret.swift in Sources */ = {isa = PBXBuildFile; fileRef = 5E25B5BE25190FC000138E61 /* Secret.swift */; };
		5E25B5D025190FD200138E61 /* SelectionView.swift in Sources */ = {isa = PBXBuildFile; fileRef = 5E25B5C325190FD200138E61 /* SelectionView.swift */; };
		5E25B5D125190FD200138E61 /* ButtonStyled.swift in Sources */ = {isa = PBXBuildFile; fileRef = 5E25B5C525190FD200138E61 /* ButtonStyled.swift */; };
		5E25B5D225190FD200138E61 /* CircleControl.swift in Sources */ = {isa = PBXBuildFile; fileRef = 5E25B5C825190FD200138E61 /* CircleControl.swift */; };
		5E25B5D325190FD200138E61 /* Color+Extensions.swift in Sources */ = {isa = PBXBuildFile; fileRef = 5E25B5C925190FD200138E61 /* Color+Extensions.swift */; };
		5E25B5D425190FD200138E61 /* ResultView.swift in Sources */ = {isa = PBXBuildFile; fileRef = 5E25B5CA25190FD200138E61 /* ResultView.swift */; };
		5E25B5D525190FD200138E61 /* StockChart.swift in Sources */ = {isa = PBXBuildFile; fileRef = 5E25B5CC25190FD200138E61 /* StockChart.swift */; };
		5E25B5D625190FD200138E61 /* HomeView.swift in Sources */ = {isa = PBXBuildFile; fileRef = 5E25B5CE25190FD200138E61 /* HomeView.swift */; };
		5E25B5D725190FD200138E61 /* Tile.swift in Sources */ = {isa = PBXBuildFile; fileRef = 5E25B5CF25190FD200138E61 /* Tile.swift */; };
		5E25B5E025190FDC00138E61 /* TextClassifier2.mlmodel in Sources */ = {isa = PBXBuildFile; fileRef = 5E25B5DB25190FDC00138E61 /* TextClassifier2.mlmodel */; };
		5E25B5E125190FDC00138E61 /* TextClassifier1.mlmodel in Sources */ = {isa = PBXBuildFile; fileRef = 5E25B5DC25190FDC00138E61 /* TextClassifier1.mlmodel */; };
		5E25B5E325190FDC00138E61 /* CompaniesModel.swift in Sources */ = {isa = PBXBuildFile; fileRef = 5E25B5DF25190FDC00138E61 /* CompaniesModel.swift */; };
		5E25B5E72519103A00138E61 /* Swifter in Frameworks */ = {isa = PBXBuildFile; productRef = 5E25B5E62519103A00138E61 /* Swifter */; };
		5E25B5EE2519125B00138E61 /* HeaderView.swift in Sources */ = {isa = PBXBuildFile; fileRef = 5E25B5ED2519125B00138E61 /* HeaderView.swift */; };
		5E25B5F325191BE800138E61 /* LaunchScreen.storyboard in Resources */ = {isa = PBXBuildFile; fileRef = 5E25B5F225191BE800138E61 /* LaunchScreen.storyboard */; };
		5E2B9DE62531102A001DC30D /* SectionTitle.swift in Sources */ = {isa = PBXBuildFile; fileRef = 5E2B9DE52531102A001DC30D /* SectionTitle.swift */; };
		5E2B9DEA25312D68001DC30D /* Models.swift in Sources */ = {isa = PBXBuildFile; fileRef = 5E2B9DE925312D68001DC30D /* Models.swift */; };
		5E66CCDA2534C75E004E9274 /* Networking.swift in Sources */ = {isa = PBXBuildFile; fileRef = 5E66CCD92534C75E004E9274 /* Networking.swift */; };
		5E7120A9253E584800D4C698 /* Charts in Frameworks */ = {isa = PBXBuildFile; productRef = 5E7120A8253E584800D4C698 /* Charts */; };
		5E7120AC253E58FF00D4C698 /* Bar.swift in Sources */ = {isa = PBXBuildFile; fileRef = 5E7120AB253E58FF00D4C698 /* Bar.swift */; };
		5E7120B3253E62CA00D4C698 /* Stocks.swift in Sources */ = {isa = PBXBuildFile; fileRef = 5E7120B2253E62CA00D4C698 /* Stocks.swift */; };
		5E7DA91F256DE04800345B87 /* EditView.swift in Sources */ = {isa = PBXBuildFile; fileRef = 5E7DA91E256DE04800345B87 /* EditView.swift */; };
		5E84915A251AE1C3001AD6F0 /* News.swift in Sources */ = {isa = PBXBuildFile; fileRef = 5E849159251AE1C3001AD6F0 /* News.swift */; };
		5E9158A6256F39DB00AD9F8B /* companies.plist in Resources */ = {isa = PBXBuildFile; fileRef = 5E9158A5256F39DB00AD9F8B /* companies.plist */; };
		5E9BC4B0251E686000329625 /* SectorTabView.swift in Sources */ = {isa = PBXBuildFile; fileRef = 5E9BC4AF251E686000329625 /* SectorTabView.swift */; };
		5ECA898A25929BE300F477C4 /* CustomCompany-CoreDataHelpers.swift in Sources */ = {isa = PBXBuildFile; fileRef = 5ECA898925929BE300F477C4 /* CustomCompany-CoreDataHelpers.swift */; };
		5EF48E72254C3B0000BD4401 /* YahooFinance.swift in Sources */ = {isa = PBXBuildFile; fileRef = 5EF48E71254C3B0000BD4401 /* YahooFinance.swift */; };
/* End PBXBuildFile section */

/* Begin PBXFileReference section */
		5E08FAA8252A7E2C00DC586A /* TopBottomView.swift */ = {isa = PBXFileReference; lastKnownFileType = sourcecode.swift; path = TopBottomView.swift; sourceTree = "<group>"; };
		5E08FAAF252A9C2700DC586A /* Company.swift */ = {isa = PBXFileReference; lastKnownFileType = sourcecode.swift; path = Company.swift; sourceTree = "<group>"; };
		5E08FAB2252AAB9000DC586A /* TopBottomResultsView.swift */ = {isa = PBXFileReference; lastKnownFileType = sourcecode.swift; path = TopBottomResultsView.swift; sourceTree = "<group>"; };
		5E0BF88E256C824E00A5E2C9 /* CustomCompanies.xcdatamodel */ = {isa = PBXFileReference; lastKnownFileType = wrapper.xcdatamodel; path = CustomCompanies.xcdatamodel; sourceTree = "<group>"; };
		5E0BF891256C867300A5E2C9 /* DataController.swift */ = {isa = PBXFileReference; lastKnownFileType = sourcecode.swift; path = DataController.swift; sourceTree = "<group>"; };
		5E0BF895256C871500A5E2C9 /* AddView.swift */ = {isa = PBXFileReference; lastKnownFileType = sourcecode.swift; path = AddView.swift; sourceTree = "<group>"; };
		5E0BF89C256CAEB300A5E2C9 /* CustomCompanyList.swift */ = {isa = PBXFileReference; lastKnownFileType = sourcecode.swift; path = CustomCompanyList.swift; sourceTree = "<group>"; };
		5E1561022533BB3F009A0158 /* Arrows.swift */ = {isa = PBXFileReference; lastKnownFileType = sourcecode.swift; path = Arrows.swift; sourceTree = "<group>"; };
		5E161A9325964A3B0006DD13 /* DataPoint.swift */ = {isa = PBXFileReference; lastKnownFileType = sourcecode.swift; path = DataPoint.swift; sourceTree = "<group>"; };
		5E161A9625964A990006DD13 /* BarChart.swift */ = {isa = PBXFileReference; lastKnownFileType = sourcecode.swift; path = BarChart.swift; sourceTree = "<group>"; };
		5E25B5AA25190E3D00138E61 /* AI Stock Forecasts.app */ = {isa = PBXFileReference; explicitFileType = wrapper.application; includeInIndex = 0; path = "AI Stock Forecasts.app"; sourceTree = BUILT_PRODUCTS_DIR; };
		5E25B5AD25190E3D00138E61 /* AI_Stock_ForecastsApp.swift */ = {isa = PBXFileReference; lastKnownFileType = sourcecode.swift; path = AI_Stock_ForecastsApp.swift; sourceTree = "<group>"; };
		5E25B5B125190E3F00138E61 /* Assets.xcassets */ = {isa = PBXFileReference; lastKnownFileType = folder.assetcatalog; path = Assets.xcassets; sourceTree = "<group>"; };
		5E25B5B425190E3F00138E61 /* Preview Assets.xcassets */ = {isa = PBXFileReference; lastKnownFileType = folder.assetcatalog; path = "Preview Assets.xcassets"; sourceTree = "<group>"; };
		5E25B5B625190E3F00138E61 /* Info.plist */ = {isa = PBXFileReference; lastKnownFileType = text.plist.xml; path = Info.plist; sourceTree = "<group>"; };
		5E25B5BE25190FC000138E61 /* Secret.swift */ = {isa = PBXFileReference; fileEncoding = 4; lastKnownFileType = sourcecode.swift; path = Secret.swift; sourceTree = "<group>"; };
		5E25B5C325190FD200138E61 /* SelectionView.swift */ = {isa = PBXFileReference; fileEncoding = 4; lastKnownFileType = sourcecode.swift; path = SelectionView.swift; sourceTree = "<group>"; };
		5E25B5C525190FD200138E61 /* ButtonStyled.swift */ = {isa = PBXFileReference; fileEncoding = 4; lastKnownFileType = sourcecode.swift; path = ButtonStyled.swift; sourceTree = "<group>"; };
		5E25B5C825190FD200138E61 /* CircleControl.swift */ = {isa = PBXFileReference; fileEncoding = 4; lastKnownFileType = sourcecode.swift; path = CircleControl.swift; sourceTree = "<group>"; };
		5E25B5C925190FD200138E61 /* Color+Extensions.swift */ = {isa = PBXFileReference; fileEncoding = 4; lastKnownFileType = sourcecode.swift; path = "Color+Extensions.swift"; sourceTree = "<group>"; };
		5E25B5CA25190FD200138E61 /* ResultView.swift */ = {isa = PBXFileReference; fileEncoding = 4; lastKnownFileType = sourcecode.swift; path = ResultView.swift; sourceTree = "<group>"; };
		5E25B5CC25190FD200138E61 /* StockChart.swift */ = {isa = PBXFileReference; fileEncoding = 4; lastKnownFileType = sourcecode.swift; path = StockChart.swift; sourceTree = "<group>"; };
		5E25B5CE25190FD200138E61 /* HomeView.swift */ = {isa = PBXFileReference; fileEncoding = 4; lastKnownFileType = sourcecode.swift; path = HomeView.swift; sourceTree = "<group>"; };
		5E25B5CF25190FD200138E61 /* Tile.swift */ = {isa = PBXFileReference; fileEncoding = 4; lastKnownFileType = sourcecode.swift; path = Tile.swift; sourceTree = "<group>"; };
		5E25B5DB25190FDC00138E61 /* TextClassifier2.mlmodel */ = {isa = PBXFileReference; lastKnownFileType = file.mlmodel; path = TextClassifier2.mlmodel; sourceTree = "<group>"; };
		5E25B5DC25190FDC00138E61 /* TextClassifier1.mlmodel */ = {isa = PBXFileReference; lastKnownFileType = file.mlmodel; path = TextClassifier1.mlmodel; sourceTree = "<group>"; };
		5E25B5DF25190FDC00138E61 /* CompaniesModel.swift */ = {isa = PBXFileReference; fileEncoding = 4; lastKnownFileType = sourcecode.swift; path = CompaniesModel.swift; sourceTree = "<group>"; };
		5E25B5ED2519125B00138E61 /* HeaderView.swift */ = {isa = PBXFileReference; lastKnownFileType = sourcecode.swift; path = HeaderView.swift; sourceTree = "<group>"; };
		5E25B5F225191BE800138E61 /* LaunchScreen.storyboard */ = {isa = PBXFileReference; fileEncoding = 4; lastKnownFileType = file.storyboard; path = LaunchScreen.storyboard; sourceTree = "<group>"; };
		5E2B9DE52531102A001DC30D /* SectionTitle.swift */ = {isa = PBXFileReference; lastKnownFileType = sourcecode.swift; path = SectionTitle.swift; sourceTree = "<group>"; };
		5E2B9DE925312D68001DC30D /* Models.swift */ = {isa = PBXFileReference; lastKnownFileType = sourcecode.swift; path = Models.swift; sourceTree = "<group>"; };
		5E66CCD92534C75E004E9274 /* Networking.swift */ = {isa = PBXFileReference; lastKnownFileType = sourcecode.swift; path = Networking.swift; sourceTree = "<group>"; };
		5E7120AB253E58FF00D4C698 /* Bar.swift */ = {isa = PBXFileReference; lastKnownFileType = sourcecode.swift; path = Bar.swift; sourceTree = "<group>"; };
		5E7120B2253E62CA00D4C698 /* Stocks.swift */ = {isa = PBXFileReference; lastKnownFileType = sourcecode.swift; path = Stocks.swift; sourceTree = "<group>"; };
		5E7DA91E256DE04800345B87 /* EditView.swift */ = {isa = PBXFileReference; lastKnownFileType = sourcecode.swift; path = EditView.swift; sourceTree = "<group>"; };
		5E849159251AE1C3001AD6F0 /* News.swift */ = {isa = PBXFileReference; lastKnownFileType = sourcecode.swift; path = News.swift; sourceTree = "<group>"; };
		5E9158A5256F39DB00AD9F8B /* companies.plist */ = {isa = PBXFileReference; fileEncoding = 4; lastKnownFileType = text.plist.xml; path = companies.plist; sourceTree = "<group>"; };
		5E9BC4AF251E686000329625 /* SectorTabView.swift */ = {isa = PBXFileReference; lastKnownFileType = sourcecode.swift; path = SectorTabView.swift; sourceTree = "<group>"; };
		5ECA898925929BE300F477C4 /* CustomCompany-CoreDataHelpers.swift */ = {isa = PBXFileReference; lastKnownFileType = sourcecode.swift; path = "CustomCompany-CoreDataHelpers.swift"; sourceTree = "<group>"; };
		5EF48E71254C3B0000BD4401 /* YahooFinance.swift */ = {isa = PBXFileReference; lastKnownFileType = sourcecode.swift; path = YahooFinance.swift; sourceTree = "<group>"; };
/* End PBXFileReference section */

/* Begin PBXFrameworksBuildPhase section */
		5E25B5A725190E3D00138E61 /* Frameworks */ = {
			isa = PBXFrameworksBuildPhase;
			buildActionMask = 2147483647;
			files = (
				5E25B5E72519103A00138E61 /* Swifter in Frameworks */,
				5E7120A9253E584800D4C698 /* Charts in Frameworks */,
			);
			runOnlyForDeploymentPostprocessing = 0;
		};
/* End PBXFrameworksBuildPhase section */

/* Begin PBXGroup section */
		5E25B5A125190E3D00138E61 = {
			isa = PBXGroup;
			children = (
				5E25B5AC25190E3D00138E61 /* AI Stock Forecasts */,
				5E25B5AB25190E3D00138E61 /* Products */,
			);
			sourceTree = "<group>";
		};
		5E25B5AB25190E3D00138E61 /* Products */ = {
			isa = PBXGroup;
			children = (
				5E25B5AA25190E3D00138E61 /* AI Stock Forecasts.app */,
			);
			name = Products;
			sourceTree = "<group>";
		};
		5E25B5AC25190E3D00138E61 /* AI Stock Forecasts */ = {
			isa = PBXGroup;
			children = (
				5E25B5AD25190E3D00138E61 /* AI_Stock_ForecastsApp.swift */,
				5E25B5BE25190FC000138E61 /* Secret.swift */,
				5E25B5B625190E3F00138E61 /* Info.plist */,
				5E25B5D925190FDC00138E61 /* Models */,
				5E25B5C125190FD200138E61 /* Views */,
				5E740C722593E60400DD7E6A /* Controller */,
				5E70E241259150EF00C96875 /* Supporting Files */,
				5E25B5B325190E3F00138E61 /* Preview Content */,
			);
			path = "AI Stock Forecasts";
			sourceTree = "<group>";
		};
		5E25B5B325190E3F00138E61 /* Preview Content */ = {
			isa = PBXGroup;
			children = (
				5E25B5B425190E3F00138E61 /* Preview Assets.xcassets */,
			);
			path = "Preview Content";
			sourceTree = "<group>";
		};
		5E25B5C125190FD200138E61 /* Views */ = {
			isa = PBXGroup;
			children = (
				5E25B5CD25190FD200138E61 /* HomeScreen */,
				5E25B5C225190FD200138E61 /* SelectionScreen */,
				5E25B5C625190FD200138E61 /* ResultScreen */,
			);
			path = Views;
			sourceTree = "<group>";
		};
		5E25B5C225190FD200138E61 /* SelectionScreen */ = {
			isa = PBXGroup;
			children = (
				5E9BC4AF251E686000329625 /* SectorTabView.swift */,
				5E0BF895256C871500A5E2C9 /* AddView.swift */,
				5E25B5C325190FD200138E61 /* SelectionView.swift */,
				5E08FAA8252A7E2C00DC586A /* TopBottomView.swift */,
				5E08FAB2252AAB9000DC586A /* TopBottomResultsView.swift */,
				5E25B5C425190FD200138E61 /* SharedComponents */,
			);
			path = SelectionScreen;
			sourceTree = "<group>";
		};
		5E25B5C425190FD200138E61 /* SharedComponents */ = {
			isa = PBXGroup;
			children = (
				5E1561022533BB3F009A0158 /* Arrows.swift */,
				5E25B5C525190FD200138E61 /* ButtonStyled.swift */,
				5E2B9DE52531102A001DC30D /* SectionTitle.swift */,
			);
			path = SharedComponents;
			sourceTree = "<group>";
		};
		5E25B5C625190FD200138E61 /* ResultScreen */ = {
			isa = PBXGroup;
			children = (
				5E25B5CA25190FD200138E61 /* ResultView.swift */,
				5E25B5C725190FD200138E61 /* CircleControl */,
				5E25B5CB25190FD200138E61 /* StockChart */,
			);
			path = ResultScreen;
			sourceTree = "<group>";
		};
		5E25B5C725190FD200138E61 /* CircleControl */ = {
			isa = PBXGroup;
			children = (
				5E25B5C825190FD200138E61 /* CircleControl.swift */,
				5E25B5C925190FD200138E61 /* Color+Extensions.swift */,
			);
			path = CircleControl;
			sourceTree = "<group>";
		};
		5E25B5CB25190FD200138E61 /* StockChart */ = {
			isa = PBXGroup;
			children = (
				5E25B5CC25190FD200138E61 /* StockChart.swift */,
				5E161A9325964A3B0006DD13 /* DataPoint.swift */,
				5E161A9625964A990006DD13 /* BarChart.swift */,
				5E7120AB253E58FF00D4C698 /* Bar.swift */,
			);
			path = StockChart;
			sourceTree = "<group>";
		};
		5E25B5CD25190FD200138E61 /* HomeScreen */ = {
			isa = PBXGroup;
			children = (
				5E25B5CE25190FD200138E61 /* HomeView.swift */,
				5E0BF89C256CAEB300A5E2C9 /* CustomCompanyList.swift */,
				5E7DA91E256DE04800345B87 /* EditView.swift */,
				5E25B5EC2519124300138E61 /* HeaderView */,
				5E25B5EA251911A700138E61 /* Tile */,
			);
			path = HomeScreen;
			sourceTree = "<group>";
		};
		5E25B5D925190FDC00138E61 /* Models */ = {
			isa = PBXGroup;
			children = (
				5E7120B1253E62AE00D4C698 /* Stocks */,
				5E849158251AE1AD001AD6F0 /* Networking */,
				5E25B5DA25190FDC00138E61 /* ML */,
				5E25B5DD25190FDC00138E61 /* Companies */,
			);
			path = Models;
			sourceTree = "<group>";
		};
		5E25B5DA25190FDC00138E61 /* ML */ = {
			isa = PBXGroup;
			children = (
				5E25B5DB25190FDC00138E61 /* TextClassifier2.mlmodel */,
				5E25B5DC25190FDC00138E61 /* TextClassifier1.mlmodel */,
				5E2B9DE925312D68001DC30D /* Models.swift */,
			);
			path = ML;
			sourceTree = "<group>";
		};
		5E25B5DD25190FDC00138E61 /* Companies */ = {
			isa = PBXGroup;
			children = (
				5E7DA927256DEF7200345B87 /* Standard */,
				5E7DA928256DEF8000345B87 /* Custo */,
			);
			path = Companies;
			sourceTree = "<group>";
		};
		5E25B5EA251911A700138E61 /* Tile */ = {
			isa = PBXGroup;
			children = (
				5E25B5CF25190FD200138E61 /* Tile.swift */,
			);
			path = Tile;
			sourceTree = "<group>";
		};
		5E25B5EC2519124300138E61 /* HeaderView */ = {
			isa = PBXGroup;
			children = (
				5E25B5ED2519125B00138E61 /* HeaderView.swift */,
			);
			path = HeaderView;
			sourceTree = "<group>";
		};
		5E70E241259150EF00C96875 /* Supporting Files */ = {
			isa = PBXGroup;
			children = (
				5E25B5B125190E3F00138E61 /* Assets.xcassets */,
				5E25B5F225191BE800138E61 /* LaunchScreen.storyboard */,
			);
			path = "Supporting Files";
			sourceTree = "<group>";
		};
		5E7120B1253E62AE00D4C698 /* Stocks */ = {
			isa = PBXGroup;
			children = (
				5E7120B2253E62CA00D4C698 /* Stocks.swift */,
				5EF48E71254C3B0000BD4401 /* YahooFinance.swift */,
			);
			path = Stocks;
			sourceTree = "<group>";
		};
		5E740C722593E60400DD7E6A /* Controller */ = {
			isa = PBXGroup;
			children = (
				5E0BF891256C867300A5E2C9 /* DataController.swift */,
			);
			path = Controller;
			sourceTree = "<group>";
		};
		5E7DA927256DEF7200345B87 /* Standard */ = {
			isa = PBXGroup;
			children = (
				5E9158A5256F39DB00AD9F8B /* companies.plist */,
				5E25B5DF25190FDC00138E61 /* CompaniesModel.swift */,
				5E08FAAF252A9C2700DC586A /* Company.swift */,
			);
			path = Standard;
			sourceTree = "<group>";
		};
		5E7DA928256DEF8000345B87 /* Custo */ = {
			isa = PBXGroup;
			children = (
				5E0BF88D256C824E00A5E2C9 /* CustomCompanies.xcdatamodeld */,
				5ECA898925929BE300F477C4 /* CustomCompany-CoreDataHelpers.swift */,
			);
			path = Custo;
			sourceTree = "<group>";
		};
		5E849158251AE1AD001AD6F0 /* Networking */ = {
			isa = PBXGroup;
			children = (
				5E849159251AE1C3001AD6F0 /* News.swift */,
				5E66CCD92534C75E004E9274 /* Networking.swift */,
			);
			path = Networking;
			sourceTree = "<group>";
		};
/* End PBXGroup section */

/* Begin PBXNativeTarget section */
		5E25B5A925190E3D00138E61 /* AI Stock Forecasts */ = {
			isa = PBXNativeTarget;
			buildConfigurationList = 5E25B5B925190E3F00138E61 /* Build configuration list for PBXNativeTarget "AI Stock Forecasts" */;
			buildPhases = (
				5E25B5A625190E3D00138E61 /* Sources */,
				5E25B5A725190E3D00138E61 /* Frameworks */,
				5E25B5A825190E3D00138E61 /* Resources */,
			);
			buildRules = (
			);
			dependencies = (
			);
			name = "AI Stock Forecasts";
			packageProductDependencies = (
				5E25B5E62519103A00138E61 /* Swifter */,
				5E7120A8253E584800D4C698 /* Charts */,
			);
			productName = "AI Stock Forecasts";
			productReference = 5E25B5AA25190E3D00138E61 /* AI Stock Forecasts.app */;
			productType = "com.apple.product-type.application";
		};
/* End PBXNativeTarget section */

/* Begin PBXProject section */
		5E25B5A225190E3D00138E61 /* Project object */ = {
			isa = PBXProject;
			attributes = {
				LastSwiftUpdateCheck = 1200;
				LastUpgradeCheck = 1200;
				TargetAttributes = {
					5E25B5A925190E3D00138E61 = {
						CreatedOnToolsVersion = 12.0;
					};
				};
			};
			buildConfigurationList = 5E25B5A525190E3D00138E61 /* Build configuration list for PBXProject "AI Stock Forecasts" */;
			compatibilityVersion = "Xcode 9.3";
			developmentRegion = en;
			hasScannedForEncodings = 0;
			knownRegions = (
				en,
				Base,
			);
			mainGroup = 5E25B5A125190E3D00138E61;
			packageReferences = (
				5E25B5E52519103A00138E61 /* XCRemoteSwiftPackageReference "Swifter" */,
				5E7120A7253E584700D4C698 /* XCRemoteSwiftPackageReference "Charts" */,
			);
			productRefGroup = 5E25B5AB25190E3D00138E61 /* Products */;
			projectDirPath = "";
			projectRoot = "";
			targets = (
				5E25B5A925190E3D00138E61 /* AI Stock Forecasts */,
			);
		};
/* End PBXProject section */

/* Begin PBXResourcesBuildPhase section */
		5E25B5A825190E3D00138E61 /* Resources */ = {
			isa = PBXResourcesBuildPhase;
			buildActionMask = 2147483647;
			files = (
				5E9158A6256F39DB00AD9F8B /* companies.plist in Resources */,
				5E25B5B525190E3F00138E61 /* Preview Assets.xcassets in Resources */,
				5E25B5F325191BE800138E61 /* LaunchScreen.storyboard in Resources */,
				5E25B5B225190E3F00138E61 /* Assets.xcassets in Resources */,
			);
			runOnlyForDeploymentPostprocessing = 0;
		};
/* End PBXResourcesBuildPhase section */

/* Begin PBXSourcesBuildPhase section */
		5E25B5A625190E3D00138E61 /* Sources */ = {
			isa = PBXSourcesBuildPhase;
			buildActionMask = 2147483647;
			files = (
				5E2B9DE62531102A001DC30D /* SectionTitle.swift in Sources */,
				5E1561032533BB3F009A0158 /* Arrows.swift in Sources */,
				5E7120B3253E62CA00D4C698 /* Stocks.swift in Sources */,
				5E25B5D525190FD200138E61 /* StockChart.swift in Sources */,
				5E08FAB3252AAB9000DC586A /* TopBottomResultsView.swift in Sources */,
				5E25B5BF25190FC000138E61 /* Secret.swift in Sources */,
				5E25B5E325190FDC00138E61 /* CompaniesModel.swift in Sources */,
				5E84915A251AE1C3001AD6F0 /* News.swift in Sources */,
				5E66CCDA2534C75E004E9274 /* Networking.swift in Sources */,
				5E9BC4B0251E686000329625 /* SectorTabView.swift in Sources */,
				5E25B5EE2519125B00138E61 /* HeaderView.swift in Sources */,
				5E25B5D625190FD200138E61 /* HomeView.swift in Sources */,
				5E08FAA9252A7E2C00DC586A /* TopBottomView.swift in Sources */,
				5E25B5AE25190E3D00138E61 /* AI_Stock_ForecastsApp.swift in Sources */,
				5E0BF896256C871500A5E2C9 /* AddView.swift in Sources */,
				5E25B5D025190FD200138E61 /* SelectionView.swift in Sources */,
				5E0BF89D256CAEB300A5E2C9 /* CustomCompanyList.swift in Sources */,
				5EF48E72254C3B0000BD4401 /* YahooFinance.swift in Sources */,
				5E2B9DEA25312D68001DC30D /* Models.swift in Sources */,
				5E7DA91F256DE04800345B87 /* EditView.swift in Sources */,
				5E161A9725964A990006DD13 /* BarChart.swift in Sources */,
				5E25B5E125190FDC00138E61 /* TextClassifier1.mlmodel in Sources */,
				5E25B5D325190FD200138E61 /* Color+Extensions.swift in Sources */,
				5E0BF88F256C824E00A5E2C9 /* CustomCompanies.xcdatamodeld in Sources */,
				5E7120AC253E58FF00D4C698 /* Bar.swift in Sources */,
				5E0BF892256C867300A5E2C9 /* DataController.swift in Sources */,
				5E25B5D425190FD200138E61 /* ResultView.swift in Sources */,
				5E25B5D125190FD200138E61 /* ButtonStyled.swift in Sources */,
				5E161A9425964A3B0006DD13 /* DataPoint.swift in Sources */,
				5E25B5D725190FD200138E61 /* Tile.swift in Sources */,
				5E25B5D225190FD200138E61 /* CircleControl.swift in Sources */,
				5ECA898A25929BE300F477C4 /* CustomCompany-CoreDataHelpers.swift in Sources */,
				5E25B5E025190FDC00138E61 /* TextClassifier2.mlmodel in Sources */,
				5E08FAB0252A9C2700DC586A /* Company.swift in Sources */,
			);
			runOnlyForDeploymentPostprocessing = 0;
		};
/* End PBXSourcesBuildPhase section */

/* Begin XCBuildConfiguration section */
		5E25B5B725190E3F00138E61 /* Debug */ = {
			isa = XCBuildConfiguration;
			buildSettings = {
				ALWAYS_SEARCH_USER_PATHS = NO;
				CLANG_ANALYZER_NONNULL = YES;
				CLANG_ANALYZER_NUMBER_OBJECT_CONVERSION = YES_AGGRESSIVE;
				CLANG_CXX_LANGUAGE_STANDARD = "gnu++14";
				CLANG_CXX_LIBRARY = "libc++";
				CLANG_ENABLE_MODULES = YES;
				CLANG_ENABLE_OBJC_ARC = YES;
				CLANG_ENABLE_OBJC_WEAK = YES;
				CLANG_WARN_BLOCK_CAPTURE_AUTORELEASING = YES;
				CLANG_WARN_BOOL_CONVERSION = YES;
				CLANG_WARN_COMMA = YES;
				CLANG_WARN_CONSTANT_CONVERSION = YES;
				CLANG_WARN_DEPRECATED_OBJC_IMPLEMENTATIONS = YES;
				CLANG_WARN_DIRECT_OBJC_ISA_USAGE = YES_ERROR;
				CLANG_WARN_DOCUMENTATION_COMMENTS = YES;
				CLANG_WARN_EMPTY_BODY = YES;
				CLANG_WARN_ENUM_CONVERSION = YES;
				CLANG_WARN_INFINITE_RECURSION = YES;
				CLANG_WARN_INT_CONVERSION = YES;
				CLANG_WARN_NON_LITERAL_NULL_CONVERSION = YES;
				CLANG_WARN_OBJC_IMPLICIT_RETAIN_SELF = YES;
				CLANG_WARN_OBJC_LITERAL_CONVERSION = YES;
				CLANG_WARN_OBJC_ROOT_CLASS = YES_ERROR;
				CLANG_WARN_QUOTED_INCLUDE_IN_FRAMEWORK_HEADER = YES;
				CLANG_WARN_RANGE_LOOP_ANALYSIS = YES;
				CLANG_WARN_STRICT_PROTOTYPES = YES;
				CLANG_WARN_SUSPICIOUS_MOVE = YES;
				CLANG_WARN_UNGUARDED_AVAILABILITY = YES_AGGRESSIVE;
				CLANG_WARN_UNREACHABLE_CODE = YES;
				CLANG_WARN__DUPLICATE_METHOD_MATCH = YES;
				COPY_PHASE_STRIP = NO;
				DEBUG_INFORMATION_FORMAT = dwarf;
				ENABLE_STRICT_OBJC_MSGSEND = YES;
				ENABLE_TESTABILITY = YES;
				GCC_C_LANGUAGE_STANDARD = gnu11;
				GCC_DYNAMIC_NO_PIC = NO;
				GCC_NO_COMMON_BLOCKS = YES;
				GCC_OPTIMIZATION_LEVEL = 0;
				GCC_PREPROCESSOR_DEFINITIONS = (
					"DEBUG=1",
					"$(inherited)",
				);
				GCC_WARN_64_TO_32_BIT_CONVERSION = YES;
				GCC_WARN_ABOUT_RETURN_TYPE = YES_ERROR;
				GCC_WARN_UNDECLARED_SELECTOR = YES;
				GCC_WARN_UNINITIALIZED_AUTOS = YES_AGGRESSIVE;
				GCC_WARN_UNUSED_FUNCTION = YES;
				GCC_WARN_UNUSED_VARIABLE = YES;
				IPHONEOS_DEPLOYMENT_TARGET = 14.0;
				MTL_ENABLE_DEBUG_INFO = INCLUDE_SOURCE;
				MTL_FAST_MATH = YES;
				ONLY_ACTIVE_ARCH = YES;
				SDKROOT = iphoneos;
				SWIFT_ACTIVE_COMPILATION_CONDITIONS = DEBUG;
				SWIFT_OPTIMIZATION_LEVEL = "-Onone";
			};
			name = Debug;
		};
		5E25B5B825190E3F00138E61 /* Release */ = {
			isa = XCBuildConfiguration;
			buildSettings = {
				ALWAYS_SEARCH_USER_PATHS = NO;
				CLANG_ANALYZER_NONNULL = YES;
				CLANG_ANALYZER_NUMBER_OBJECT_CONVERSION = YES_AGGRESSIVE;
				CLANG_CXX_LANGUAGE_STANDARD = "gnu++14";
				CLANG_CXX_LIBRARY = "libc++";
				CLANG_ENABLE_MODULES = YES;
				CLANG_ENABLE_OBJC_ARC = YES;
				CLANG_ENABLE_OBJC_WEAK = YES;
				CLANG_WARN_BLOCK_CAPTURE_AUTORELEASING = YES;
				CLANG_WARN_BOOL_CONVERSION = YES;
				CLANG_WARN_COMMA = YES;
				CLANG_WARN_CONSTANT_CONVERSION = YES;
				CLANG_WARN_DEPRECATED_OBJC_IMPLEMENTATIONS = YES;
				CLANG_WARN_DIRECT_OBJC_ISA_USAGE = YES_ERROR;
				CLANG_WARN_DOCUMENTATION_COMMENTS = YES;
				CLANG_WARN_EMPTY_BODY = YES;
				CLANG_WARN_ENUM_CONVERSION = YES;
				CLANG_WARN_INFINITE_RECURSION = YES;
				CLANG_WARN_INT_CONVERSION = YES;
				CLANG_WARN_NON_LITERAL_NULL_CONVERSION = YES;
				CLANG_WARN_OBJC_IMPLICIT_RETAIN_SELF = YES;
				CLANG_WARN_OBJC_LITERAL_CONVERSION = YES;
				CLANG_WARN_OBJC_ROOT_CLASS = YES_ERROR;
				CLANG_WARN_QUOTED_INCLUDE_IN_FRAMEWORK_HEADER = YES;
				CLANG_WARN_RANGE_LOOP_ANALYSIS = YES;
				CLANG_WARN_STRICT_PROTOTYPES = YES;
				CLANG_WARN_SUSPICIOUS_MOVE = YES;
				CLANG_WARN_UNGUARDED_AVAILABILITY = YES_AGGRESSIVE;
				CLANG_WARN_UNREACHABLE_CODE = YES;
				CLANG_WARN__DUPLICATE_METHOD_MATCH = YES;
				COPY_PHASE_STRIP = NO;
				DEBUG_INFORMATION_FORMAT = "dwarf-with-dsym";
				ENABLE_NS_ASSERTIONS = NO;
				ENABLE_STRICT_OBJC_MSGSEND = YES;
				GCC_C_LANGUAGE_STANDARD = gnu11;
				GCC_NO_COMMON_BLOCKS = YES;
				GCC_WARN_64_TO_32_BIT_CONVERSION = YES;
				GCC_WARN_ABOUT_RETURN_TYPE = YES_ERROR;
				GCC_WARN_UNDECLARED_SELECTOR = YES;
				GCC_WARN_UNINITIALIZED_AUTOS = YES_AGGRESSIVE;
				GCC_WARN_UNUSED_FUNCTION = YES;
				GCC_WARN_UNUSED_VARIABLE = YES;
				IPHONEOS_DEPLOYMENT_TARGET = 14.0;
				MTL_ENABLE_DEBUG_INFO = NO;
				MTL_FAST_MATH = YES;
				SDKROOT = iphoneos;
				SWIFT_COMPILATION_MODE = wholemodule;
				SWIFT_OPTIMIZATION_LEVEL = "-O";
				VALIDATE_PRODUCT = YES;
			};
			name = Release;
		};
		5E25B5BA25190E3F00138E61 /* Debug */ = {
			isa = XCBuildConfiguration;
			buildSettings = {
				ASSETCATALOG_COMPILER_APPICON_NAME = AppIcon;
				ASSETCATALOG_COMPILER_GLOBAL_ACCENT_COLOR_NAME = AccentColor;
				CODE_SIGN_STYLE = Automatic;
				CURRENT_PROJECT_VERSION = 9;
				DEVELOPMENT_ASSET_PATHS = "\"AI Stock Forecasts/Preview Content\"";
				DEVELOPMENT_TEAM = R28KNM82KD;
				ENABLE_PREVIEWS = YES;
				INFOPLIST_FILE = "AI Stock Forecasts/Info.plist";
				IPHONEOS_DEPLOYMENT_TARGET = 14.0;
				LD_RUNPATH_SEARCH_PATHS = (
					"$(inherited)",
					"@executable_path/Frameworks",
				);
				MARKETING_VERSION = 1.4.1;
				PRODUCT_BUNDLE_IDENTIFIER = "com.alex.AI-Stock-Forecasts";
				PRODUCT_NAME = "$(TARGET_NAME)";
				SWIFT_VERSION = 5.0;
				TARGETED_DEVICE_FAMILY = 1;
			};
			name = Debug;
		};
		5E25B5BB25190E3F00138E61 /* Release */ = {
			isa = XCBuildConfiguration;
			buildSettings = {
				ASSETCATALOG_COMPILER_APPICON_NAME = AppIcon;
				ASSETCATALOG_COMPILER_GLOBAL_ACCENT_COLOR_NAME = AccentColor;
				CODE_SIGN_STYLE = Automatic;
				CURRENT_PROJECT_VERSION = 9;
				DEVELOPMENT_ASSET_PATHS = "\"AI Stock Forecasts/Preview Content\"";
				DEVELOPMENT_TEAM = R28KNM82KD;
				ENABLE_PREVIEWS = YES;
				INFOPLIST_FILE = "AI Stock Forecasts/Info.plist";
				IPHONEOS_DEPLOYMENT_TARGET = 14.0;
				LD_RUNPATH_SEARCH_PATHS = (
					"$(inherited)",
					"@executable_path/Frameworks",
				);
				MARKETING_VERSION = 1.4.1;
				PRODUCT_BUNDLE_IDENTIFIER = "com.alex.AI-Stock-Forecasts";
				PRODUCT_NAME = "$(TARGET_NAME)";
				SWIFT_VERSION = 5.0;
				TARGETED_DEVICE_FAMILY = 1;
			};
			name = Release;
		};
/* End XCBuildConfiguration section */

/* Begin XCConfigurationList section */
		5E25B5A525190E3D00138E61 /* Build configuration list for PBXProject "AI Stock Forecasts" */ = {
			isa = XCConfigurationList;
			buildConfigurations = (
				5E25B5B725190E3F00138E61 /* Debug */,
				5E25B5B825190E3F00138E61 /* Release */,
			);
			defaultConfigurationIsVisible = 0;
			defaultConfigurationName = Release;
		};
		5E25B5B925190E3F00138E61 /* Build configuration list for PBXNativeTarget "AI Stock Forecasts" */ = {
			isa = XCConfigurationList;
			buildConfigurations = (
				5E25B5BA25190E3F00138E61 /* Debug */,
				5E25B5BB25190E3F00138E61 /* Release */,
			);
			defaultConfigurationIsVisible = 0;
			defaultConfigurationName = Release;
		};
/* End XCConfigurationList section */

/* Begin XCRemoteSwiftPackageReference section */
		5E25B5E52519103A00138E61 /* XCRemoteSwiftPackageReference "Swifter" */ = {
			isa = XCRemoteSwiftPackageReference;
			repositoryURL = "https://github.com/mattdonnelly/Swifter";
			requirement = {
				kind = upToNextMajorVersion;
				minimumVersion = 2.4.0;
			};
		};
		5E7120A7253E584700D4C698 /* XCRemoteSwiftPackageReference "Charts" */ = {
			isa = XCRemoteSwiftPackageReference;
			repositoryURL = "https://github.com/danielgindi/Charts";
			requirement = {
				kind = upToNextMajorVersion;
				minimumVersion = 3.6.0;
			};
		};
/* End XCRemoteSwiftPackageReference section */

/* Begin XCSwiftPackageProductDependency section */
		5E25B5E62519103A00138E61 /* Swifter */ = {
			isa = XCSwiftPackageProductDependency;
			package = 5E25B5E52519103A00138E61 /* XCRemoteSwiftPackageReference "Swifter" */;
			productName = Swifter;
		};
		5E7120A8253E584800D4C698 /* Charts */ = {
			isa = XCSwiftPackageProductDependency;
			package = 5E7120A7253E584700D4C698 /* XCRemoteSwiftPackageReference "Charts" */;
			productName = Charts;
		};
/* End XCSwiftPackageProductDependency section */

/* Begin XCVersionGroup section */
		5E0BF88D256C824E00A5E2C9 /* CustomCompanies.xcdatamodeld */ = {
			isa = XCVersionGroup;
			children = (
				5E0BF88E256C824E00A5E2C9 /* CustomCompanies.xcdatamodel */,
			);
			currentVersion = 5E0BF88E256C824E00A5E2C9 /* CustomCompanies.xcdatamodel */;
			path = CustomCompanies.xcdatamodeld;
			sourceTree = "<group>";
			versionGroupType = wrapper.xcdatamodel;
		};
/* End XCVersionGroup section */
	};
	rootObject = 5E25B5A225190E3D00138E61 /* Project object */;
}
